
Microsoft Visual Studio Solution File, Format Version 12.00
# Visual Studio Version 16
VisualStudioVersion = 16.0.28922.388
MinimumVisualStudioVersion = 10.0.40219.1
Project("{FAE04EC0-301F-11D3-BF4B-00C04F79EFBC}") = "WpfApp1", "WpfApp1\WpfApp1.csproj", "{2582BC63-0FEB-485D-947E-4C8C707EE684}"
EndProject
Global
	GlobalSection(SolutionConfigurationPlatforms) = preSolution
		Debug|Any CPU = Debug|Any CPU
		Release|Any CPU = Release|Any CPU
	EndGlobalSection
	GlobalSection(ProjectConfigurationPlatforms) = postSolution
		{2582BC63-0FEB-485D-947E-4C8C707EE684}.Debug|Any CPU.ActiveCfg = Debug|Any CPU
		{2582BC63-0FEB-485D-947E-4C8C707EE684}.Debug|Any CPU.Build.0 = Debug|Any CPU
		{2582BC63-0FEB-485D-947E-4C8C707EE684}.Release|Any CPU.ActiveCfg = Release|Any CPU
		{2582BC63-0FEB-485D-947E-4C8C707EE684}.Release|Any CPU.Build.0 = Release|Any CPU
	EndGlobalSection
	GlobalSection(SolutionProperties) = preSolution
		HideSolutionNode = FALSE
	EndGlobalSection
	GlobalSection(ExtensibilityGlobals) = postSolution
		SolutionGuid = {5AF9B017-8747-4D85-B034-94FD46642F48}
	EndGlobalSection
EndGlobal
